
Microsoft Visual Studio Solution File, Format Version 12.00
# Visual Studio 15
VisualStudioVersion = 15.0.27428.1
MinimumVisualStudioVersion = 10.0.40219.1
Project("{FAE04EC0-301F-11D3-BF4B-00C04F79EFBC}") = "Word", "Word\Word.csproj", "{CBB29ED1-9F5F-4187-911D-AE8067E756A9}"
EndProject
Global
	GlobalSection(SolutionConfigurationPlatforms) = preSolution
		Debug|Any CPU = Debug|Any CPU
		Release|Any CPU = Release|Any CPU
	EndGlobalSection
	GlobalSection(ProjectConfigurationPlatforms) = postSolution
		{CBB29ED1-9F5F-4187-911D-AE8067E756A9}.Debug|Any CPU.ActiveCfg = Debug|Any CPU
		{CBB29ED1-9F5F-4187-911D-AE8067E756A9}.Debug|Any CPU.Build.0 = Debug|Any CPU
		{CBB29ED1-9F5F-4187-911D-AE8067E756A9}.Release|Any CPU.ActiveCfg = Release|Any CPU
		{CBB29ED1-9F5F-4187-911D-AE8067E756A9}.Release|Any CPU.Build.0 = Release|Any CPU
	EndGlobalSection
	GlobalSection(SolutionProperties) = preSolution
		HideSolutionNode = FALSE
	EndGlobalSection
	GlobalSection(ExtensibilityGlobals) = postSolution
		SolutionGuid = {905CF9C4-DBEB-4C9A-9850-52775E96909A}
	EndGlobalSection
EndGlobal
